
Microsoft Visual Studio Solution File, Format Version 12.00
# Visual Studio 15
VisualStudioVersion = 15.0.26730.15
MinimumVisualStudioVersion = 10.0.40219.1
Project("{FAE04EC0-301F-11D3-BF4B-00C04F79EFBC}") = "WPF_DataBindingApp", "WPF_DataBindingApp\WPF_DataBindingApp.csproj", "{62A71EE6-2627-4D64-A6DE-4EFCC3C811EB}"
EndProject
Global
	GlobalSection(SolutionConfigurationPlatforms) = preSolution
		Debug|Any CPU = Debug|Any CPU
		Release|Any CPU = Release|Any CPU
	EndGlobalSection
	GlobalSection(ProjectConfigurationPlatforms) = postSolution
		{62A71EE6-2627-4D64-A6DE-4EFCC3C811EB}.Debug|Any CPU.ActiveCfg = Debug|Any CPU
		{62A71EE6-2627-4D64-A6DE-4EFCC3C811EB}.Debug|Any CPU.Build.0 = Debug|Any CPU
		{62A71EE6-2627-4D64-A6DE-4EFCC3C811EB}.Release|Any CPU.ActiveCfg = Release|Any CPU
		{62A71EE6-2627-4D64-A6DE-4EFCC3C811EB}.Release|Any CPU.Build.0 = Release|Any CPU
	EndGlobalSection
	GlobalSection(SolutionProperties) = preSolution
		HideSolutionNode = FALSE
	EndGlobalSection
	GlobalSection(ExtensibilityGlobals) = postSolution
		SolutionGuid = {1F42B7EC-2B2F-46E5-9F81-85BA4406D1C6}
	EndGlobalSection
EndGlobal
